Microsoft Visual Studio Solution File, Format Version 12.00
# Visual Studio Version 17
VisualStudioVersion = 17.5.2.0
MinimumVisualStudioVersion = 10.0.40219.1
Project("{FAE04EC0-301F-11D3-BF4B-00C04F79EFBC}") = "FreakyFurnitureAPI", "FreakyFurnitureAPI\FreakyFurnitureAPI.csproj", "{DA50FE1B-9664-E92B-D957-E0356B789848}"
EndProject
Global
	GlobalSection(SolutionConfigurationPlatforms) = preSolution
		Debug|Any CPU = Debug|Any CPU
		Release|Any CPU = Release|Any CPU
	EndGlobalSection
	GlobalSection(ProjectConfigurationPlatforms) = postSolution
		{DA50FE1B-9664-E92B-D957-E0356B789848}.Debug|Any CPU.ActiveCfg = Debug|Any CPU
		{DA50FE1B-9664-E92B-D957-E0356B789848}.Debug|Any CPU.Build.0 = Debug|Any CPU
		{DA50FE1B-9664-E92B-D957-E0356B789848}.Release|Any CPU.ActiveCfg = Release|Any CPU
		{DA50FE1B-9664-E92B-D957-E0356B789848}.Release|Any CPU.Build.0 = Release|Any CPU
	EndGlobalSection
	GlobalSection(SolutionProperties) = preSolution
		HideSolutionNode = FALSE
	EndGlobalSection
	GlobalSection(ExtensibilityGlobals) = postSolution
		SolutionGuid = {C7797BDD-C0E7-4F8A-AF88-2633D37B6B97}
	EndGlobalSection
EndGlobal
